
Microsoft Visual Studio Solution File, Format Version 12.00
# Visual Studio Version 17
VisualStudioVersion = 17.11.35219.272
MinimumVisualStudioVersion = 10.0.40219.1
Project("{FAE04EC0-301F-11D3-BF4B-00C04F79EFBC}") = "MovieCatalogue", "MovieCatalogue.csproj", "{E68BF5CC-C7ED-4B20-9C2D-C256DA57A022}"
EndProject
Global
	GlobalSection(SolutionConfigurationPlatforms) = preSolution
		Debug|Any CPU = Debug|Any CPU
		Release|Any CPU = Release|Any CPU
	EndGlobalSection
	GlobalSection(ProjectConfigurationPlatforms) = postSolution
		{E68BF5CC-C7ED-4B20-9C2D-C256DA57A022}.Debug|Any CPU.ActiveCfg = Debug|Any CPU
		{E68BF5CC-C7ED-4B20-9C2D-C256DA57A022}.Debug|Any CPU.Build.0 = Debug|Any CPU
		{E68BF5CC-C7ED-4B20-9C2D-C256DA57A022}.Release|Any CPU.ActiveCfg = Release|Any CPU
		{E68BF5CC-C7ED-4B20-9C2D-C256DA57A022}.Release|Any CPU.Build.0 = Release|Any CPU
	EndGlobalSection
	GlobalSection(SolutionProperties) = preSolution
		HideSolutionNode = FALSE
	EndGlobalSection
	GlobalSection(ExtensibilityGlobals) = postSolution
		SolutionGuid = {52CF47C7-B8FA-4239-942D-B79C162F9E78}
	EndGlobalSection
EndGlobal
