
Microsoft Visual Studio Solution File, Format Version 12.00
# Visual Studio Version 17
VisualStudioVersion = 17.11.35219.272
MinimumVisualStudioVersion = 10.0.40219.1
Project("{FAE04EC0-301F-11D3-BF4B-00C04F79EFBC}") = "Core", "Core.csproj", "{E68BF5CC-C7ED-4B20-9C2D-C256DA57A022}"
EndProject
Project("{FAE04EC0-301F-11D3-BF4B-00C04F79EFBC}") = "CatalogueModel", "Catalogue\CatalogueModel.csproj", "{7F04E697-A8F2-43CB-A382-FFDFECD3738A}"
EndProject
Project("{FAE04EC0-301F-11D3-BF4B-00C04F79EFBC}") = "FileManager", "FileManager\FileManager.csproj", "{AD07CB69-EC6A-4531-B5C6-0244B865EFD9}"
EndProject
Project("{FAE04EC0-301F-11D3-BF4B-00C04F79EFBC}") = "MovieModels", "MovieModels\MovieModels.csproj", "{0E03AB8A-1301-48EF-9A32-59859F2D9591}"
EndProject
Project("{FAE04EC0-301F-11D3-BF4B-00C04F79EFBC}") = "FrontEnd", "FrontEnd\FrontEnd.csproj", "{0F59A9B7-1ABF-44DC-9817-DBEBA126C11A}"
EndProject
Global
	GlobalSection(SolutionConfigurationPlatforms) = preSolution
		Debug|Any CPU = Debug|Any CPU
		Release|Any CPU = Release|Any CPU
	EndGlobalSection
	GlobalSection(ProjectConfigurationPlatforms) = postSolution
		{E68BF5CC-C7ED-4B20-9C2D-C256DA57A022}.Debug|Any CPU.ActiveCfg = Debug|Any CPU
		{E68BF5CC-C7ED-4B20-9C2D-C256DA57A022}.Debug|Any CPU.Build.0 = Debug|Any CPU
		{E68BF5CC-C7ED-4B20-9C2D-C256DA57A022}.Release|Any CPU.ActiveCfg = Release|Any CPU
		{E68BF5CC-C7ED-4B20-9C2D-C256DA57A022}.Release|Any CPU.Build.0 = Release|Any CPU
		{7F04E697-A8F2-43CB-A382-FFDFECD3738A}.Debug|Any CPU.ActiveCfg = Debug|Any CPU
		{7F04E697-A8F2-43CB-A382-FFDFECD3738A}.Debug|Any CPU.Build.0 = Debug|Any CPU
		{7F04E697-A8F2-43CB-A382-FFDFECD3738A}.Release|Any CPU.ActiveCfg = Release|Any CPU
		{7F04E697-A8F2-43CB-A382-FFDFECD3738A}.Release|Any CPU.Build.0 = Release|Any CPU
		{AD07CB69-EC6A-4531-B5C6-0244B865EFD9}.Debug|Any CPU.ActiveCfg = Debug|Any CPU
		{AD07CB69-EC6A-4531-B5C6-0244B865EFD9}.Debug|Any CPU.Build.0 = Debug|Any CPU
		{AD07CB69-EC6A-4531-B5C6-0244B865EFD9}.Release|Any CPU.ActiveCfg = Release|Any CPU
		{AD07CB69-EC6A-4531-B5C6-0244B865EFD9}.Release|Any CPU.Build.0 = Release|Any CPU
		{0E03AB8A-1301-48EF-9A32-59859F2D9591}.Debug|Any CPU.ActiveCfg = Debug|Any CPU
		{0E03AB8A-1301-48EF-9A32-59859F2D9591}.Debug|Any CPU.Build.0 = Debug|Any CPU
		{0E03AB8A-1301-48EF-9A32-59859F2D9591}.Release|Any CPU.ActiveCfg = Release|Any CPU
		{0E03AB8A-1301-48EF-9A32-59859F2D9591}.Release|Any CPU.Build.0 = Release|Any CPU
		{0F59A9B7-1ABF-44DC-9817-DBEBA126C11A}.Debug|Any CPU.ActiveCfg = Debug|Any CPU
		{0F59A9B7-1ABF-44DC-9817-DBEBA126C11A}.Debug|Any CPU.Build.0 = Debug|Any CPU
		{0F59A9B7-1ABF-44DC-9817-DBEBA126C11A}.Release|Any CPU.ActiveCfg = Release|Any CPU
		{0F59A9B7-1ABF-44DC-9817-DBEBA126C11A}.Release|Any CPU.Build.0 = Release|Any CPU
	EndGlobalSection
	GlobalSection(SolutionProperties) = preSolution
		HideSolutionNode = FALSE
	EndGlobalSection
	GlobalSection(ExtensibilityGlobals) = postSolution
		SolutionGuid = {52CF47C7-B8FA-4239-942D-B79C162F9E78}
	EndGlobalSection
EndGlobal
